
Microsoft Visual Studio Solution File, Format Version 12.00
# Visual Studio Version 17
VisualStudioVersion = 17.9.34622.214
MinimumVisualStudioVersion = 10.0.40219.1
Project("{FAE04EC0-301F-11D3-BF4B-00C04F79EFBC}") = "StatikWebProjesi-SemihProfil", "StatikWebProjesi-SemihProfil\StatikWebProjesi-SemihProfil.csproj", "{FC7739F4-B965-4FDA-930F-35196ADE5D0A}"
EndProject
Global
	GlobalSection(SolutionConfigurationPlatforms) = preSolution
		Debug|Any CPU = Debug|Any CPU
		Release|Any CPU = Release|Any CPU
	EndGlobalSection
	GlobalSection(ProjectConfigurationPlatforms) = postSolution
		{FC7739F4-B965-4FDA-930F-35196ADE5D0A}.Debug|Any CPU.ActiveCfg = Debug|Any CPU
		{FC7739F4-B965-4FDA-930F-35196ADE5D0A}.Debug|Any CPU.Build.0 = Debug|Any CPU
		{FC7739F4-B965-4FDA-930F-35196ADE5D0A}.Release|Any CPU.ActiveCfg = Release|Any CPU
		{FC7739F4-B965-4FDA-930F-35196ADE5D0A}.Release|Any CPU.Build.0 = Release|Any CPU
	EndGlobalSection
	GlobalSection(SolutionProperties) = preSolution
		HideSolutionNode = FALSE
	EndGlobalSection
	GlobalSection(ExtensibilityGlobals) = postSolution
		SolutionGuid = {6E2C3B93-DB65-4B94-8299-95B482AD9D0E}
	EndGlobalSection
EndGlobal
